
Microsoft Visual Studio Solution File, Format Version 12.00
# Visual Studio 15
VisualStudioVersion = 15.0.27130.2024
MinimumVisualStudioVersion = 10.0.40219.1
Project("{9A19103F-16F7-4668-BE54-9A1E7A4F7556}") = "SportsStore", "SportsStore\SportsStore.csproj", "{5ACD93A6-8607-4649-B666-7ACF672D3EF2}"
EndProject
Project("{9A19103F-16F7-4668-BE54-9A1E7A4F7556}") = "SportsStore.Tests", "SportsStore.Tests\SportsStore.Tests.csproj", "{28880410-BC0B-4544-9D3F-FF6946C35A80}"
EndProject
Global
	GlobalSection(SolutionConfigurationPlatforms) = preSolution
		Debug|Any CPU = Debug|Any CPU
		Release|Any CPU = Release|Any CPU
	EndGlobalSection
	GlobalSection(ProjectConfigurationPlatforms) = postSolution
		{5ACD93A6-8607-4649-B666-7ACF672D3EF2}.Debug|Any CPU.ActiveCfg = Debug|Any CPU
		{5ACD93A6-8607-4649-B666-7ACF672D3EF2}.Debug|Any CPU.Build.0 = Debug|Any CPU
		{5ACD93A6-8607-4649-B666-7ACF672D3EF2}.Release|Any CPU.ActiveCfg = Release|Any CPU
		{5ACD93A6-8607-4649-B666-7ACF672D3EF2}.Release|Any CPU.Build.0 = Release|Any CPU
		{28880410-BC0B-4544-9D3F-FF6946C35A80}.Debug|Any CPU.ActiveCfg = Debug|Any CPU
		{28880410-BC0B-4544-9D3F-FF6946C35A80}.Debug|Any CPU.Build.0 = Debug|Any CPU
		{28880410-BC0B-4544-9D3F-FF6946C35A80}.Release|Any CPU.ActiveCfg = Release|Any CPU
		{28880410-BC0B-4544-9D3F-FF6946C35A80}.Release|Any CPU.Build.0 = Release|Any CPU
	EndGlobalSection
	GlobalSection(SolutionProperties) = preSolution
		HideSolutionNode = FALSE
	EndGlobalSection
	GlobalSection(ExtensibilityGlobals) = postSolution
		SolutionGuid = {DFA35475-24C6-414F-8518-BE84FD937F05}
	EndGlobalSection
EndGlobal
